
Microsoft Visual Studio Solution File, Format Version 12.00
# Visual Studio 15
VisualStudioVersion = 15.0.28010.2046
MinimumVisualStudioVersion = 10.0.40219.1
Project("{9A19103F-16F7-4668-BE54-9A1E7A4F7556}") = "Api", "Api\Api.csproj", "{C168139F-8AAF-4DCC-BF1F-0252366833F4}"
EndProject
Project("{9A19103F-16F7-4668-BE54-9A1E7A4F7556}") = "Business", "Business\Business.csproj", "{1DF22635-5812-424C-8352-812F28BC658C}"
EndProject
Project("{9A19103F-16F7-4668-BE54-9A1E7A4F7556}") = "Dal", "Dal\Dal.csproj", "{758EDAC3-3C41-44CA-A57B-A87568C8FEC9}"
EndProject
Project("{9A19103F-16F7-4668-BE54-9A1E7A4F7556}") = "Common", "Common\Common.csproj", "{1C7F836B-2B1A-4143-B819-719A15C4D6CC}"
EndProject
Project("{9A19103F-16F7-4668-BE54-9A1E7A4F7556}") = "UnitTests", "Tests\UnitTests.csproj", "{C4BCEB1D-28B4-409D-AE8C-E74DCA894579}"
EndProject
Global
	GlobalSection(SolutionConfigurationPlatforms) = preSolution
		Debug|Any CPU = Debug|Any CPU
		Release|Any CPU = Release|Any CPU
	EndGlobalSection
	GlobalSection(ProjectConfigurationPlatforms) = postSolution
		{C168139F-8AAF-4DCC-BF1F-0252366833F4}.Debug|Any CPU.ActiveCfg = Debug|Any CPU
		{C168139F-8AAF-4DCC-BF1F-0252366833F4}.Debug|Any CPU.Build.0 = Debug|Any CPU
		{C168139F-8AAF-4DCC-BF1F-0252366833F4}.Release|Any CPU.ActiveCfg = Release|Any CPU
		{C168139F-8AAF-4DCC-BF1F-0252366833F4}.Release|Any CPU.Build.0 = Release|Any CPU
		{1DF22635-5812-424C-8352-812F28BC658C}.Debug|Any CPU.ActiveCfg = Debug|Any CPU
		{1DF22635-5812-424C-8352-812F28BC658C}.Debug|Any CPU.Build.0 = Debug|Any CPU
		{1DF22635-5812-424C-8352-812F28BC658C}.Release|Any CPU.ActiveCfg = Release|Any CPU
		{1DF22635-5812-424C-8352-812F28BC658C}.Release|Any CPU.Build.0 = Release|Any CPU
		{758EDAC3-3C41-44CA-A57B-A87568C8FEC9}.Debug|Any CPU.ActiveCfg = Debug|Any CPU
		{758EDAC3-3C41-44CA-A57B-A87568C8FEC9}.Debug|Any CPU.Build.0 = Debug|Any CPU
		{758EDAC3-3C41-44CA-A57B-A87568C8FEC9}.Release|Any CPU.ActiveCfg = Release|Any CPU
		{758EDAC3-3C41-44CA-A57B-A87568C8FEC9}.Release|Any CPU.Build.0 = Release|Any CPU
		{1C7F836B-2B1A-4143-B819-719A15C4D6CC}.Debug|Any CPU.ActiveCfg = Debug|Any CPU
		{1C7F836B-2B1A-4143-B819-719A15C4D6CC}.Debug|Any CPU.Build.0 = Debug|Any CPU
		{1C7F836B-2B1A-4143-B819-719A15C4D6CC}.Release|Any CPU.ActiveCfg = Release|Any CPU
		{1C7F836B-2B1A-4143-B819-719A15C4D6CC}.Release|Any CPU.Build.0 = Release|Any CPU
		{C4BCEB1D-28B4-409D-AE8C-E74DCA894579}.Debug|Any CPU.ActiveCfg = Debug|Any CPU
		{C4BCEB1D-28B4-409D-AE8C-E74DCA894579}.Debug|Any CPU.Build.0 = Debug|Any CPU
		{C4BCEB1D-28B4-409D-AE8C-E74DCA894579}.Release|Any CPU.ActiveCfg = Release|Any CPU
		{C4BCEB1D-28B4-409D-AE8C-E74DCA894579}.Release|Any CPU.Build.0 = Release|Any CPU
	EndGlobalSection
	GlobalSection(SolutionProperties) = preSolution
		HideSolutionNode = FALSE
	EndGlobalSection
	GlobalSection(ExtensibilityGlobals) = postSolution
		SolutionGuid = {0CFC98E8-F8FD-4E75-B0B5-BE5DFE48E14B}
	EndGlobalSection
EndGlobal
